
Microsoft Visual Studio Solution File, Format Version 12.00
# Visual Studio Version 16
VisualStudioVersion = 16.0.29403.142
MinimumVisualStudioVersion = 10.0.40219.1
Project("{FAE04EC0-301F-11D3-BF4B-00C04F79EFBC}") = "Computing Coursework", "Computing Coursework.csproj", "{5CD40F76-BFC1-4315-B5DF-9A76D976F176}"
EndProject
Global
	GlobalSection(SolutionConfigurationPlatforms) = preSolution
		Debug|Any CPU = Debug|Any CPU
		Release|Any CPU = Release|Any CPU
	EndGlobalSection
	GlobalSection(ProjectConfigurationPlatforms) = postSolution
		{5CD40F76-BFC1-4315-B5DF-9A76D976F176}.Debug|Any CPU.ActiveCfg = Debug|Any CPU
		{5CD40F76-BFC1-4315-B5DF-9A76D976F176}.Debug|Any CPU.Build.0 = Debug|Any CPU
		{5CD40F76-BFC1-4315-B5DF-9A76D976F176}.Release|Any CPU.ActiveCfg = Release|Any CPU
		{5CD40F76-BFC1-4315-B5DF-9A76D976F176}.Release|Any CPU.Build.0 = Release|Any CPU
	EndGlobalSection
	GlobalSection(SolutionProperties) = preSolution
		HideSolutionNode = FALSE
	EndGlobalSection
	GlobalSection(ExtensibilityGlobals) = postSolution
		SolutionGuid = {06AEFE1C-1736-41E0-A38F-B40BA0649CC0}
	EndGlobalSection
EndGlobal
